// !$*UTF8*$!
{
	archiveVersion = 1;
	classes = {
	};
	objectVersion = 46;
	objects = {

/* Begin PBXBuildFile section */
		8152A0091C4035CE003427A2 /* README in Resources */ = {isa = PBXBuildFile; fileRef = 8152A0081C4035CE003427A2 /* README */; };
		81ED32AF1C10B5EF00EB2936 /* AppDelegate.swift in Sources */ = {isa = PBXBuildFile; fileRef = 81ED32AE1C10B5EF00EB2936 /* AppDelegate.swift */; };
		81ED32B11C10B5EF00EB2936 /* ViewController.swift in Sources */ = {isa = PBXBuildFile; fileRef = 81ED32B01C10B5EF00EB2936 /* ViewController.swift */; };
		81ED32B41C10B5EF00EB2936 /* Main.storyboard in Resources */ = {isa = PBXBuildFile; fileRef = 81ED32B21C10B5EF00EB2936 /* Main.storyboard */; };
		81ED32B61C10B5EF00EB2936 /* Assets.xcassets in Resources */ = {isa = PBXBuildFile; fileRef = 81ED32B51C10B5EF00EB2936 /* Assets.xcassets */; };
		81ED32B91C10B5EF00EB2936 /* LaunchScreen.storyboard in Resources */ = {isa = PBXBuildFile; fileRef = 81ED32B71C10B5EF00EB2936 /* LaunchScreen.storyboard */; };
		81ED32C21C10B74500EB2936 /* Post.swift in Sources */ = {isa = PBXBuildFile; fileRef = 81ED32C11C10B74500EB2936 /* Post.swift */; };
		81ED32C51C11002200EB2936 /* PostCell.swift in Sources */ = {isa = PBXBuildFile; fileRef = 81ED32C41C11002200EB2936 /* PostCell.swift */; };
		81ED33041C1264F100EB2936 /* AddPostVC.swift in Sources */ = {isa = PBXBuildFile; fileRef = 81ED33031C1264F100EB2936 /* AddPostVC.swift */; };
		81ED33071C12787700EB2936 /* DataService.swift in Sources */ = {isa = PBXBuildFile; fileRef = 81ED33061C12787700EB2936 /* DataService.swift */; };
/* End PBXBuildFile section */

/* Begin PBXFileReference section */
		8152A0081C4035CE003427A2 /* README */ = {isa = PBXFileReference; fileEncoding = 4; lastKnownFileType = text; path = README; sourceTree = "<group>"; };
		81ED32AB1C10B5EF00EB2936 /* My Hood.app */ = {isa = PBXFileReference; explicitFileType = wrapper.application; includeInIndex = 0; path = "My Hood.app"; sourceTree = BUILT_PRODUCTS_DIR; };
		81ED32AE1C10B5EF00EB2936 /* AppDelegate.swift */ = {isa = PBXFileReference; lastKnownFileType = sourcecode.swift; path = AppDelegate.swift; sourceTree = "<group>"; };
		81ED32B01C10B5EF00EB2936 /* ViewController.swift */ = {isa = PBXFileReference; lastKnownFileType = sourcecode.swift; path = ViewController.swift; sourceTree = "<group>"; };
		81ED32B31C10B5EF00EB2936 /* Base */ = {isa = PBXFileReference; lastKnownFileType = file.storyboard; name = Base; path = Base.lproj/Main.storyboard; sourceTree = "<group>"; };
		81ED32B51C10B5EF00EB2936 /* Assets.xcassets */ = {isa = PBXFileReference; lastKnownFileType = folder.assetcatalog; path = Assets.xcassets; sourceTree = "<group>"; };
		81ED32B81C10B5EF00EB2936 /* Base */ = {isa = PBXFileReference; lastKnownFileType = file.storyboard; name = Base; path = Base.lproj/LaunchScreen.storyboard; sourceTree = "<group>"; };
		81ED32BA1C10B5EF00EB2936 /* Info.plist */ = {isa = PBXFileReference; lastKnownFileType = text.plist.xml; path = Info.plist; sourceTree = "<group>"; };
		81ED32C11C10B74500EB2936 /* Post.swift */ = {isa = PBXFileReference; fileEncoding = 4; lastKnownFileType = sourcecode.swift; path = Post.swift; sourceTree = "<group>"; };
		81ED32C41C11002200EB2936 /* PostCell.swift */ = {isa = PBXFileReference; fileEncoding = 4; lastKnownFileType = sourcecode.swift; path = PostCell.swift; sourceTree = "<group>"; };
		81ED33031C1264F100EB2936 /* AddPostVC.swift */ = {isa = PBXFileReference; fileEncoding = 4; lastKnownFileType = sourcecode.swift; path = AddPostVC.swift; sourceTree = "<group>"; };
		81ED33061C12787700EB2936 /* DataService.swift */ = {isa = PBXFileReference; fileEncoding = 4; lastKnownFileType = sourcecode.swift; path = DataService.swift; sourceTree = "<group>"; };
/* End PBXFileReference section */

/* Begin PBXFrameworksBuildPhase section */
		81ED32A81C10B5EF00EB2936 /* Frameworks */ = {
			isa = PBXFrameworksBuildPhase;
			buildActionMask = 2147483647;
			files = (
			);
			runOnlyForDeploymentPostprocessing = 0;
		};
/* End PBXFrameworksBuildPhase section */

/* Begin PBXGroup section */
		81ED32A21C10B5EF00EB2936 = {
			isa = PBXGroup;
			children = (
				8152A0081C4035CE003427A2 /* README */,
				81ED32AD1C10B5EF00EB2936 /* My Hood */,
				81ED32AC1C10B5EF00EB2936 /* Products */,
			);
			sourceTree = "<group>";
		};
		81ED32AC1C10B5EF00EB2936 /* Products */ = {
			isa = PBXGroup;
			children = (
				81ED32AB1C10B5EF00EB2936 /* My Hood.app */,
			);
			name = Products;
			sourceTree = "<group>";
		};
		81ED32AD1C10B5EF00EB2936 /* My Hood */ = {
			isa = PBXGroup;
			children = (
				81ED33051C12785A00EB2936 /* Services */,
				81ED33021C1264A200EB2936 /* Controller */,
				81ED32C31C10FFF900EB2936 /* View */,
				81ED32C01C10B73600EB2936 /* Model */,
				81ED32AE1C10B5EF00EB2936 /* AppDelegate.swift */,
				81ED32B51C10B5EF00EB2936 /* Assets.xcassets */,
				81ED32BA1C10B5EF00EB2936 /* Info.plist */,
			);
			path = "My Hood";
			sourceTree = "<group>";
		};
		81ED32C01C10B73600EB2936 /* Model */ = {
			isa = PBXGroup;
			children = (
				81ED32C11C10B74500EB2936 /* Post.swift */,
			);
			name = Model;
			sourceTree = "<group>";
		};
		81ED32C31C10FFF900EB2936 /* View */ = {
			isa = PBXGroup;
			children = (
				81ED32B71C10B5EF00EB2936 /* LaunchScreen.storyboard */,
				81ED32B21C10B5EF00EB2936 /* Main.storyboard */,
				81ED32C41C11002200EB2936 /* PostCell.swift */,
			);
			name = View;
			sourceTree = "<group>";
		};
		81ED33021C1264A200EB2936 /* Controller */ = {
			isa = PBXGroup;
			children = (
				81ED32B01C10B5EF00EB2936 /* ViewController.swift */,
				81ED33031C1264F100EB2936 /* AddPostVC.swift */,
			);
			name = Controller;
			sourceTree = "<group>";
		};
		81ED33051C12785A00EB2936 /* Services */ = {
			isa = PBXGroup;
			children = (
				81ED33061C12787700EB2936 /* DataService.swift */,
			);
			name = Services;
			sourceTree = "<group>";
		};
/* End PBXGroup section */

/* Begin PBXNativeTarget section */
		81ED32AA1C10B5EF00EB2936 /* My Hood */ = {
			isa = PBXNativeTarget;
			buildConfigurationList = 81ED32BD1C10B5EF00EB2936 /* Build configuration list for PBXNativeTarget "My Hood" */;
			buildPhases = (
				81ED32A71C10B5EF00EB2936 /* Sources */,
				81ED32A81C10B5EF00EB2936 /* Frameworks */,
				81ED32A91C10B5EF00EB2936 /* Resources */,
			);
			buildRules = (
			);
			dependencies = (
			);
			name = "My Hood";
			productName = "My Hood";
			productReference = 81ED32AB1C10B5EF00EB2936 /* My Hood.app */;
			productType = "com.apple.product-type.application";
		};
/* End PBXNativeTarget section */

/* Begin PBXProject section */
		81ED32A31C10B5EF00EB2936 /* Project object */ = {
			isa = PBXProject;
			attributes = {
				LastSwiftUpdateCheck = 0710;
				LastUpgradeCheck = 0710;
				ORGANIZATIONNAME = femtobyte;
				TargetAttributes = {
					81ED32AA1C10B5EF00EB2936 = {
						CreatedOnToolsVersion = 7.1.1;
						DevelopmentTeam = X2E3X7D3QU;
					};
				};
			};
			buildConfigurationList = 81ED32A61C10B5EF00EB2936 /* Build configuration list for PBXProject "My Hood" */;
			compatibilityVersion = "Xcode 3.2";
			developmentRegion = English;
			hasScannedForEncodings = 0;
			knownRegions = (
				en,
				Base,
			);
			mainGroup = 81ED32A21C10B5EF00EB2936;
			productRefGroup = 81ED32AC1C10B5EF00EB2936 /* Products */;
			projectDirPath = "";
			projectRoot = "";
			targets = (
				81ED32AA1C10B5EF00EB2936 /* My Hood */,
			);
		};
/* End PBXProject section */

/* Begin PBXResourcesBuildPhase section */
		81ED32A91C10B5EF00EB2936 /* Resources */ = {
			isa = PBXResourcesBuildPhase;
			buildActionMask = 2147483647;
			files = (
				8152A0091C4035CE003427A2 /* README in Resources */,
				81ED32B91C10B5EF00EB2936 /* LaunchScreen.storyboard in Resources */,
				81ED32B61C10B5EF00EB2936 /* Assets.xcassets in Resources */,
				81ED32B41C10B5EF00EB2936 /* Main.storyboard in Resources */,
			);
			runOnlyForDeploymentPostprocessing = 0;
		};
/* End PBXResourcesBuildPhase section */

/* Begin PBXSourcesBuildPhase section */
		81ED32A71C10B5EF00EB2936 /* Sources */ = {
			isa = PBXSourcesBuildPhase;
			buildActionMask = 2147483647;
			files = (
				81ED32C21C10B74500EB2936 /* Post.swift in Sources */,
				81ED32B11C10B5EF00EB2936 /* ViewController.swift in Sources */,
				81ED33041C1264F100EB2936 /* AddPostVC.swift in Sources */,
				81ED33071C12787700EB2936 /* DataService.swift in Sources */,
				81ED32AF1C10B5EF00EB2936 /* AppDelegate.swift in Sources */,
				81ED32C51C11002200EB2936 /* PostCell.swift in Sources */,
			);
			runOnlyForDeploymentPostprocessing = 0;
		};
/* End PBXSourcesBuildPhase section */

/* Begin PBXVariantGroup section */
		81ED32B21C10B5EF00EB2936 /* Main.storyboard */ = {
			isa = PBXVariantGroup;
			children = (
				81ED32B31C10B5EF00EB2936 /* Base */,
			);
			name = Main.storyboard;
			sourceTree = "<group>";
		};
		81ED32B71C10B5EF00EB2936 /* LaunchScreen.storyboard */ = {
			isa = PBXVariantGroup;
			children = (
				81ED32B81C10B5EF00EB2936 /* Base */,
			);
			name = LaunchScreen.storyboard;
			sourceTree = "<group>";
		};
/* End PBXVariantGroup section */

/* Begin XCBuildConfiguration section */
		81ED32BB1C10B5EF00EB2936 /* Debug */ = {
			isa = XCBuildConfiguration;
			buildSettings = {
				ALWAYS_SEARCH_USER_PATHS = NO;
				CLANG_CXX_LANGUAGE_STANDARD = "gnu++0x";
				CLANG_CXX_LIBRARY = "libc++";
				CLANG_ENABLE_MODULES = YES;
				CLANG_ENABLE_OBJC_ARC = YES;
				CLANG_WARN_BOOL_CONVERSION = YES;
				CLANG_WARN_CONSTANT_CONVERSION = YES;
				CLANG_WARN_DIRECT_OBJC_ISA_USAGE = YES_ERROR;
				CLANG_WARN_EMPTY_BODY = YES;
				CLANG_WARN_ENUM_CONVERSION = YES;
				CLANG_WARN_INT_CONVERSION = YES;
				CLANG_WARN_OBJC_ROOT_CLASS = YES_ERROR;
				CLANG_WARN_UNREACHABLE_CODE = YES;
				CLANG_WARN__DUPLICATE_METHOD_MATCH = YES;
				"CODE_SIGN_IDENTITY[sdk=iphoneos*]" = "iPhone Developer";
				COPY_PHASE_STRIP = NO;
				DEBUG_INFORMATION_FORMAT = dwarf;
				ENABLE_STRICT_OBJC_MSGSEND = YES;
				ENABLE_TESTABILITY = YES;
				GCC_C_LANGUAGE_STANDARD = gnu99;
				GCC_DYNAMIC_NO_PIC = NO;
				GCC_NO_COMMON_BLOCKS = YES;
				GCC_OPTIMIZATION_LEVEL = 0;
				GCC_PREPROCESSOR_DEFINITIONS = (
					"DEBUG=1",
					"$(inherited)",
				);
				GCC_WARN_64_TO_32_BIT_CONVERSION = YES;
				GCC_WARN_ABOUT_RETURN_TYPE = YES_ERROR;
				GCC_WARN_UNDECLARED_SELECTOR = YES;
				GCC_WARN_UNINITIALIZED_AUTOS = YES_AGGRESSIVE;
				GCC_WARN_UNUSED_FUNCTION = YES;
				GCC_WARN_UNUSED_VARIABLE = YES;
				IPHONEOS_DEPLOYMENT_TARGET = 9.1;
				MTL_ENABLE_DEBUG_INFO = YES;
				ONLY_ACTIVE_ARCH = YES;
				SDKROOT = iphoneos;
				SWIFT_OPTIMIZATION_LEVEL = "-Onone";
			};
			name = Debug;
		};
		81ED32BC1C10B5EF00EB2936 /* Release */ = {
			isa = XCBuildConfiguration;
			buildSettings = {
				ALWAYS_SEARCH_USER_PATHS = NO;
				CLANG_CXX_LANGUAGE_STANDARD = "gnu++0x";
				CLANG_CXX_LIBRARY = "libc++";
				CLANG_ENABLE_MODULES = YES;
				CLANG_ENABLE_OBJC_ARC = YES;
				CLANG_WARN_BOOL_CONVERSION = YES;
				CLANG_WARN_CONSTANT_CONVERSION = YES;
				CLANG_WARN_DIRECT_OBJC_ISA_USAGE = YES_ERROR;
				CLANG_WARN_EMPTY_BODY = YES;
				CLANG_WARN_ENUM_CONVERSION = YES;
				CLANG_WARN_INT_CONVERSION = YES;
				CLANG_WARN_OBJC_ROOT_CLASS = YES_ERROR;
				CLANG_WARN_UNREACHABLE_CODE = YES;
				CLANG_WARN__DUPLICATE_METHOD_MATCH = YES;
				"CODE_SIGN_IDENTITY[sdk=iphoneos*]" = "iPhone Developer";
				COPY_PHASE_STRIP = NO;
				DEBUG_INFORMATION_FORMAT = "dwarf-with-dsym";
				ENABLE_NS_ASSERTIONS = NO;
				ENABLE_STRICT_OBJC_MSGSEND = YES;
				GCC_C_LANGUAGE_STANDARD = gnu99;
				GCC_NO_COMMON_BLOCKS = YES;
				GCC_WARN_64_TO_32_BIT_CONVERSION = YES;
				GCC_WARN_ABOUT_RETURN_TYPE = YES_ERROR;
				GCC_WARN_UNDECLARED_SELECTOR = YES;
				GCC_WARN_UNINITIALIZED_AUTOS = YES_AGGRESSIVE;
				GCC_WARN_UNUSED_FUNCTION = YES;
				GCC_WARN_UNUSED_VARIABLE = YES;
				IPHONEOS_DEPLOYMENT_TARGET = 9.1;
				MTL_ENABLE_DEBUG_INFO = NO;
				SDKROOT = iphoneos;
				VALIDATE_PRODUCT = YES;
			};
			name = Release;
		};
		81ED32BE1C10B5EF00EB2936 /* Debug */ = {
			isa = XCBuildConfiguration;
			buildSettings = {
				ASSETCATALOG_COMPILER_APPICON_NAME = AppIcon;
				CODE_SIGN_IDENTITY = "iPhone Developer";
				"CODE_SIGN_IDENTITY[sdk=iphoneos*]" = "iPhone Developer";
				INFOPLIST_FILE = "My Hood/Info.plist";
				LD_RUNPATH_SEARCH_PATHS = "$(inherited) @executable_path/Frameworks";
				PRODUCT_BUNDLE_IDENTIFIER = "com.femtobyte.My-Hood";
				PRODUCT_NAME = "$(TARGET_NAME)";
				PROVISIONING_PROFILE = "";
			};
			name = Debug;
		};
		81ED32BF1C10B5EF00EB2936 /* Release */ = {
			isa = XCBuildConfiguration;
			buildSettings = {
				ASSETCATALOG_COMPILER_APPICON_NAME = AppIcon;
				CODE_SIGN_IDENTITY = "iPhone Developer";
				"CODE_SIGN_IDENTITY[sdk=iphoneos*]" = "iPhone Developer";
				INFOPLIST_FILE = "My Hood/Info.plist";
				LD_RUNPATH_SEARCH_PATHS = "$(inherited) @executable_path/Frameworks";
				PRODUCT_BUNDLE_IDENTIFIER = "com.femtobyte.My-Hood";
				PRODUCT_NAME = "$(TARGET_NAME)";
				PROVISIONING_PROFILE = "";
			};
			name = Release;
		};
/* End XCBuildConfiguration section */

/* Begin XCConfigurationList section */
		81ED32A61C10B5EF00EB2936 /* Build configuration list for PBXProject "My Hood" */ = {
			isa = XCConfigurationList;
			buildConfigurations = (
				81ED32BB1C10B5EF00EB2936 /* Debug */,
				81ED32BC1C10B5EF00EB2936 /* Release */,
			);
			defaultConfigurationIsVisible = 0;
			defaultConfigurationName = Release;
		};
		81ED32BD1C10B5EF00EB2936 /* Build configuration list for PBXNativeTarget "My Hood" */ = {
			isa = XCConfigurationList;
			buildConfigurations = (
				81ED32BE1C10B5EF00EB2936 /* Debug */,
				81ED32BF1C10B5EF00EB2936 /* Release */,
			);
			defaultConfigurationIsVisible = 0;
			defaultConfigurationName = Release;
		};
/* End XCConfigurationList section */
	};
	rootObject = 81ED32A31C10B5EF00EB2936 /* Project object */;
}
